
Microsoft Visual Studio Solution File, Format Version 12.00
# Visual Studio Version 16
VisualStudioVersion = 16.0.31613.86
MinimumVisualStudioVersion = 10.0.40219.1
Project("{9A19103F-16F7-4668-BE54-9A1E7A4F7556}") = "UserPizzaAPI", "UserPizzaAPI.csproj", "{7260C620-B3F0-40EC-93B2-547A867CC7B7}"
EndProject
Global
	GlobalSection(SolutionConfigurationPlatforms) = preSolution
		Debug|Any CPU = Debug|Any CPU
		Release|Any CPU = Release|Any CPU
	EndGlobalSection
	GlobalSection(ProjectConfigurationPlatforms) = postSolution
		{7260C620-B3F0-40EC-93B2-547A867CC7B7}.Debug|Any CPU.ActiveCfg = Debug|Any CPU
		{7260C620-B3F0-40EC-93B2-547A867CC7B7}.Debug|Any CPU.Build.0 = Debug|Any CPU
		{7260C620-B3F0-40EC-93B2-547A867CC7B7}.Release|Any CPU.ActiveCfg = Release|Any CPU
		{7260C620-B3F0-40EC-93B2-547A867CC7B7}.Release|Any CPU.Build.0 = Release|Any CPU
	EndGlobalSection
	GlobalSection(SolutionProperties) = preSolution
		HideSolutionNode = FALSE
	EndGlobalSection
	GlobalSection(ExtensibilityGlobals) = postSolution
		SolutionGuid = {728A9236-C4A1-417E-BC2B-249C7D449AF7}
	EndGlobalSection
EndGlobal
